
Microsoft Visual Studio Solution File, Format Version 12.00
# Visual Studio Version 17
VisualStudioVersion = 17.4.33122.133
MinimumVisualStudioVersion = 10.0.40219.1
Project("{FAE04EC0-301F-11D3-BF4B-00C04F79EFBC}") = "ISpan.Practice.Utilities", "ISpan.Practice.Utilities\ISpan.Practice.Utilities.csproj", "{A45951B7-4E99-4379-93FA-8B1E6E14ED8B}"
EndProject
Project("{FAE04EC0-301F-11D3-BF4B-00C04F79EFBC}") = "ISpan.Practice.Winform", "ISpan.Practice.Winform\ISpan.Practice.Winform.csproj", "{CEC6ADD3-3B6A-48DA-A8B0-7316964AAA0C}"
EndProject
Project("{FAE04EC0-301F-11D3-BF4B-00C04F79EFBC}") = "ISpan.Practice.ConsoleApp", "ISpan.Practice.ConsoleApp\ISpan.Practice.ConsoleApp.csproj", "{7CAD84FA-0742-48C2-9E46-2B510144A569}"
EndProject
Project("{FAE04EC0-301F-11D3-BF4B-00C04F79EFBC}") = "ISpan.Practice.Tests", "ISpan.Practice.Tests\ISpan.Practice.Tests.csproj", "{831558D3-8988-409D-B082-D90BAE4C1BA8}"
EndProject
Global
	GlobalSection(SolutionConfigurationPlatforms) = preSolution
		Debug|Any CPU = Debug|Any CPU
		Release|Any CPU = Release|Any CPU
	EndGlobalSection
	GlobalSection(ProjectConfigurationPlatforms) = postSolution
		{A45951B7-4E99-4379-93FA-8B1E6E14ED8B}.Debug|Any CPU.ActiveCfg = Debug|Any CPU
		{A45951B7-4E99-4379-93FA-8B1E6E14ED8B}.Debug|Any CPU.Build.0 = Debug|Any CPU
		{A45951B7-4E99-4379-93FA-8B1E6E14ED8B}.Release|Any CPU.ActiveCfg = Release|Any CPU
		{A45951B7-4E99-4379-93FA-8B1E6E14ED8B}.Release|Any CPU.Build.0 = Release|Any CPU
		{CEC6ADD3-3B6A-48DA-A8B0-7316964AAA0C}.Debug|Any CPU.ActiveCfg = Debug|Any CPU
		{CEC6ADD3-3B6A-48DA-A8B0-7316964AAA0C}.Debug|Any CPU.Build.0 = Debug|Any CPU
		{CEC6ADD3-3B6A-48DA-A8B0-7316964AAA0C}.Release|Any CPU.ActiveCfg = Release|Any CPU
		{CEC6ADD3-3B6A-48DA-A8B0-7316964AAA0C}.Release|Any CPU.Build.0 = Release|Any CPU
		{7CAD84FA-0742-48C2-9E46-2B510144A569}.Debug|Any CPU.ActiveCfg = Debug|Any CPU
		{7CAD84FA-0742-48C2-9E46-2B510144A569}.Debug|Any CPU.Build.0 = Debug|Any CPU
		{7CAD84FA-0742-48C2-9E46-2B510144A569}.Release|Any CPU.ActiveCfg = Release|Any CPU
		{7CAD84FA-0742-48C2-9E46-2B510144A569}.Release|Any CPU.Build.0 = Release|Any CPU
		{831558D3-8988-409D-B082-D90BAE4C1BA8}.Debug|Any CPU.ActiveCfg = Debug|Any CPU
		{831558D3-8988-409D-B082-D90BAE4C1BA8}.Debug|Any CPU.Build.0 = Debug|Any CPU
		{831558D3-8988-409D-B082-D90BAE4C1BA8}.Release|Any CPU.ActiveCfg = Release|Any CPU
		{831558D3-8988-409D-B082-D90BAE4C1BA8}.Release|Any CPU.Build.0 = Release|Any CPU
	EndGlobalSection
	GlobalSection(SolutionProperties) = preSolution
		HideSolutionNode = FALSE
	EndGlobalSection
	GlobalSection(ExtensibilityGlobals) = postSolution
		SolutionGuid = {4583AA6B-6BFA-43DE-BFA1-25A8DF9C3C20}
	EndGlobalSection
EndGlobal
